
Microsoft Visual Studio Solution File, Format Version 12.00
# Visual Studio Express 2012 for Windows Desktop
Project("{FAE04EC0-301F-11D3-BF4B-00C04F79EFBC}") = "emp_mag", "emp_mag\emp_mag.csproj", "{7AF680AC-A703-4026-AD7B-742491BF8D3D}"
EndProject
Global
	GlobalSection(SolutionConfigurationPlatforms) = preSolution
		Debug|Any CPU = Debug|Any CPU
		Release|Any CPU = Release|Any CPU
	EndGlobalSection
	GlobalSection(ProjectConfigurationPlatforms) = postSolution
		{7AF680AC-A703-4026-AD7B-742491BF8D3D}.Debug|Any CPU.ActiveCfg = Debug|Any CPU
		{7AF680AC-A703-4026-AD7B-742491BF8D3D}.Debug|Any CPU.Build.0 = Debug|Any CPU
		{7AF680AC-A703-4026-AD7B-742491BF8D3D}.Release|Any CPU.ActiveCfg = Release|Any CPU
		{7AF680AC-A703-4026-AD7B-742491BF8D3D}.Release|Any CPU.Build.0 = Release|Any CPU
	EndGlobalSection
	GlobalSection(SolutionProperties) = preSolution
		HideSolutionNode = FALSE
	EndGlobalSection
EndGlobal
